{
  "name": "ngx-mic-recorder",
  "version": "0.0.1",
  "lockfileVersion": 2,
  "requires": true,
  "packages": {
    "": {
      "name": "ngx-mic-recorder",
      "version": "0.0.1",
      "dependencies": {
        "tslib": "^2.3.0"
      },
      "devDependencies": {
        "lamejstmp": "^1.0.1"
      },
      "peerDependencies": {
        "@angular/common": "^13.2.0",
        "@angular/core": "^13.2.0",
        "lamejstmp": "^1.0.1"
      }
    },
    "node_modules/@angular/common": {
      "version": "13.3.12",
      "resolved": "https://registry.npmjs.org/@angular/common/-/common-13.3.12.tgz",
      "integrity": "sha512-Nk4zNKfda92aFe+cucHRv2keyryR7C1ZnsurwZW9WZSobpY3z2tTT81F+yy35lGoMt5BDBAIpfh1b4j9Ue/vMg==",
      "peer": true,
      "dependencies": {
        "tslib": "^2.3.0"
      },
      "engines": {
        "node": "^12.20.0 || ^14.15.0 || >=16.10.0"
      },
      "peerDependencies": {
        "@angular/core": "13.3.12",
        "rxjs": "^6.5.3 || ^7.4.0"
      }
    },
    "node_modules/@angular/core": {
      "version": "13.3.12",
      "resolved": "https://registry.npmjs.org/@angular/core/-/core-13.3.12.tgz",
      "integrity": "sha512-jx0YC+NbPMbxGr5bXECkCEQv2RdVxR8AJNnabkPk8ZjwCpDzROrbELwwS1kunrZUhffcD15IhWGBvf1EGHAYDw==",
      "peer": true,
      "dependencies": {
        "tslib": "^2.3.0"
      },
      "engines": {
        "node": "^12.20.0 || ^14.15.0 || >=16.10.0"
      },
      "peerDependencies": {
        "rxjs": "^6.5.3 || ^7.4.0",
        "zone.js": "~0.11.4"
      }
    },
    "node_modules/lamejstmp": {
      "version": "1.0.1",
      "resolved": "https://registry.npmjs.org/lamejstmp/-/lamejstmp-1.0.1.tgz",
      "integrity": "sha512-eEENqMTpiDNTaeOWWbv58KVT4uh9tP7XqpG+aODm9U2eRHwH8Hsx3OnNKxd3noVN6cHmQomv5HQ9N7tzTSVxNQ==",
      "dev": true,
      "dependencies": {
        "use-strict": "1.0.1"
      }
    },
    "node_modules/rxjs": {
      "version": "7.8.0",
      "resolved": "https://registry.npmjs.org/rxjs/-/rxjs-7.8.0.tgz",
      "integrity": "sha512-F2+gxDshqmIub1KdvZkaEfGDwLNpPvk9Fs6LD/MyQxNgMds/WH9OdDDXOmxUZpME+iSK3rQCctkL0DYyytUqMg==",
      "peer": true,
      "dependencies": {
        "tslib": "^2.1.0"
      }
    },
    "node_modules/tslib": {
      "version": "2.4.1",
      "resolved": "https://registry.npmjs.org/tslib/-/tslib-2.4.1.tgz",
      "integrity": "sha512-tGyy4dAjRIEwI7BzsB0lynWgOpfqjUdq91XXAlIWD2OwKBH7oCl/GZG/HT4BOHrTlPMOASlMQ7veyTqpmRcrNA=="
    },
    "node_modules/use-strict": {
      "version": "1.0.1",
      "resolved": "https://registry.npmjs.org/use-strict/-/use-strict-1.0.1.tgz",
      "integrity": "sha512-IeiWvvEXfW5ltKVMkxq6FvNf2LojMKvB2OCeja6+ct24S1XOmQw2dGr2JyndwACWAGJva9B7yPHwAmeA9QCqAQ==",
      "dev": true
    },
    "node_modules/zone.js": {
      "version": "0.11.8",
      "resolved": "https://registry.npmjs.org/zone.js/-/zone.js-0.11.8.tgz",
      "integrity": "sha512-82bctBg2hKcEJ21humWIkXRlLBBmrc3nN7DFh5LGGhcyycO2S7FN8NmdvlcKaGFDNVL4/9kFLmwmInTavdJERA==",
      "peer": true,
      "dependencies": {
        "tslib": "^2.3.0"
      }
    }
  },
  "dependencies": {
    "@angular/common": {
      "version": "13.3.12",
      "resolved": "https://registry.npmjs.org/@angular/common/-/common-13.3.12.tgz",
      "integrity": "sha512-Nk4zNKfda92aFe+cucHRv2keyryR7C1ZnsurwZW9WZSobpY3z2tTT81F+yy35lGoMt5BDBAIpfh1b4j9Ue/vMg==",
      "peer": true,
      "requires": {
        "tslib": "^2.3.0"
      }
    },
    "@angular/core": {
      "version": "13.3.12",
      "resolved": "https://registry.npmjs.org/@angular/core/-/core-13.3.12.tgz",
      "integrity": "sha512-jx0YC+NbPMbxGr5bXECkCEQv2RdVxR8AJNnabkPk8ZjwCpDzROrbELwwS1kunrZUhffcD15IhWGBvf1EGHAYDw==",
      "peer": true,
      "requires": {
        "tslib": "^2.3.0"
      }
    },
    "lamejstmp": {
      "version": "1.0.1",
      "resolved": "https://registry.npmjs.org/lamejstmp/-/lamejstmp-1.0.1.tgz",
      "integrity": "sha512-eEENqMTpiDNTaeOWWbv58KVT4uh9tP7XqpG+aODm9U2eRHwH8Hsx3OnNKxd3noVN6cHmQomv5HQ9N7tzTSVxNQ==",
      "dev": true,
      "requires": {
        "use-strict": "1.0.1"
      }
    },
    "rxjs": {
      "version": "7.8.0",
      "resolved": "https://registry.npmjs.org/rxjs/-/rxjs-7.8.0.tgz",
      "integrity": "sha512-F2+gxDshqmIub1KdvZkaEfGDwLNpPvk9Fs6LD/MyQxNgMds/WH9OdDDXOmxUZpME+iSK3rQCctkL0DYyytUqMg==",
      "peer": true,
      "requires": {
        "tslib": "^2.1.0"
      }
    },
    "tslib": {
      "version": "2.4.1",
      "resolved": "https://registry.npmjs.org/tslib/-/tslib-2.4.1.tgz",
      "integrity": "sha512-tGyy4dAjRIEwI7BzsB0lynWgOpfqjUdq91XXAlIWD2OwKBH7oCl/GZG/HT4BOHrTlPMOASlMQ7veyTqpmRcrNA=="
    },
    "use-strict": {
      "version": "1.0.1",
      "resolved": "https://registry.npmjs.org/use-strict/-/use-strict-1.0.1.tgz",
      "integrity": "sha512-IeiWvvEXfW5ltKVMkxq6FvNf2LojMKvB2OCeja6+ct24S1XOmQw2dGr2JyndwACWAGJva9B7yPHwAmeA9QCqAQ==",
      "dev": true
    },
    "zone.js": {
      "version": "0.11.8",
      "resolved": "https://registry.npmjs.org/zone.js/-/zone.js-0.11.8.tgz",
      "integrity": "sha512-82bctBg2hKcEJ21humWIkXRlLBBmrc3nN7DFh5LGGhcyycO2S7FN8NmdvlcKaGFDNVL4/9kFLmwmInTavdJERA==",
      "peer": true,
      "requires": {
        "tslib": "^2.3.0"
      }
    }
  }
}
